// !$*UTF8*$!
{
	archiveVersion = 1;
	classes = {
	};
	objectVersion = 46;
	objects = {

/* Begin PBXBuildFile section */
		18F53AA11D0FE19D00136EC2 /* main.m in Sources */ = {isa = PBXBuildFile; fileRef = 18F53AA01D0FE19D00136EC2 /* main.m */; };
		18F53AA41D0FE19D00136EC2 /* AppDelegate.m in Sources */ = {isa = PBXBuildFile; fileRef = 18F53AA31D0FE19D00136EC2 /* AppDelegate.m */; };
		18F53AA71D0FE19D00136EC2 /* ViewController.m in Sources */ = {isa = PBXBuildFile; fileRef = 18F53AA61D0FE19D00136EC2 /* ViewController.m */; };
		18F53AAA1D0FE19D00136EC2 /* Main.storyboard in Resources */ = {isa = PBXBuildFile; fileRef = 18F53AA81D0FE19D00136EC2 /* Main.storyboard */; };
		18F53AAC1D0FE19D00136EC2 /* Assets.xcassets in Resources */ = {isa = PBXBuildFile; fileRef = 18F53AAB1D0FE19D00136EC2 /* Assets.xcassets */; };
		18F53ABA1D0FE19D00136EC2 /* _______Tests.m in Sources */ = {isa = PBXBuildFile; fileRef = 18F53AB91D0FE19D00136EC2 /* _______Tests.m */; };
		18F53AC51D100E1700136EC2 /* provinces.plist in Resources */ = {isa = PBXBuildFile; fileRef = 18F53AC41D100E1700136EC2 /* provinces.plist */; };
		18F53AC81D100FC700136EC2 /* ZPProvinces.m in Sources */ = {isa = PBXBuildFile; fileRef = 18F53AC71D100FC700136EC2 /* ZPProvinces.m */; };
/* End PBXBuildFile section */

/* Begin PBXContainerItemProxy section */
		18F53AB61D0FE19D00136EC2 /* PBXContainerItemProxy */ = {
			isa = PBXContainerItemProxy;
			containerPortal = 18F53A941D0FE19C00136EC2 /* Project object */;
			proxyType = 1;
			remoteGlobalIDString = 18F53A9B1D0FE19C00136EC2;
			remoteInfo = "自定义生日键盘";
		};
/* End PBXContainerItemProxy section */

/* Begin PBXFileReference section */
		18F53A9C1D0FE19C00136EC2 /* 自定义生日键盘.app */ = {isa = PBXFileReference; explicitFileType = wrapper.application; includeInIndex = 0; path = "自定义生日键盘.app"; sourceTree = BUILT_PRODUCTS_DIR; };
		18F53AA01D0FE19D00136EC2 /* main.m */ = {isa = PBXFileReference; lastKnownFileType = sourcecode.c.objc; path = main.m; sourceTree = "<group>"; };
		18F53AA21D0FE19D00136EC2 /* AppDelegate.h */ = {isa = PBXFileReference; lastKnownFileType = sourcecode.c.h; path = AppDelegate.h; sourceTree = "<group>"; };
		18F53AA31D0FE19D00136EC2 /* AppDelegate.m */ = {isa = PBXFileReference; lastKnownFileType = sourcecode.c.objc; path = AppDelegate.m; sourceTree = "<group>"; };
		18F53AA51D0FE19D00136EC2 /* ViewController.h */ = {isa = PBXFileReference; lastKnownFileType = sourcecode.c.h; path = ViewController.h; sourceTree = "<group>"; };
		18F53AA61D0FE19D00136EC2 /* ViewController.m */ = {isa = PBXFileReference; lastKnownFileType = sourcecode.c.objc; path = ViewController.m; sourceTree = "<group>"; };
		18F53AA91D0FE19D00136EC2 /* Base */ = {isa = PBXFileReference; lastKnownFileType = file.storyboard; name = Base; path = Base.lproj/Main.storyboard; sourceTree = "<group>"; };
		18F53AAB1D0FE19D00136EC2 /* Assets.xcassets */ = {isa = PBXFileReference; lastKnownFileType = folder.assetcatalog; path = Assets.xcassets; sourceTree = "<group>"; };
		18F53AB01D0FE19D00136EC2 /* Info.plist */ = {isa = PBXFileReference; lastKnownFileType = text.plist.xml; path = Info.plist; sourceTree = "<group>"; };
		18F53AB51D0FE19D00136EC2 /* 自定义生日键盘Tests.xctest */ = {isa = PBXFileReference; explicitFileType = wrapper.cfbundle; includeInIndex = 0; path = "自定义生日键盘Tests.xctest"; sourceTree = BUILT_PRODUCTS_DIR; };
		18F53AB91D0FE19D00136EC2 /* _______Tests.m */ = {isa = PBXFileReference; lastKnownFileType = sourcecode.c.objc; path = "_______Tests.m"; sourceTree = "<group>"; };
		18F53ABB1D0FE19D00136EC2 /* Info.plist */ = {isa = PBXFileReference; lastKnownFileType = text.plist.xml; path = Info.plist; sourceTree = "<group>"; };
		18F53AC41D100E1700136EC2 /* provinces.plist */ = {isa = PBXFileReference; fileEncoding = 4; lastKnownFileType = text.plist.xml; path = provinces.plist; sourceTree = "<group>"; };
		18F53AC61D100FC700136EC2 /* ZPProvinces.h */ = {isa = PBXFileReference; fileEncoding = 4; lastKnownFileType = sourcecode.c.h; path = ZPProvinces.h; sourceTree = "<group>"; };
		18F53AC71D100FC700136EC2 /* ZPProvinces.m */ = {isa = PBXFileReference; fileEncoding = 4; lastKnownFileType = sourcecode.c.objc; path = ZPProvinces.m; sourceTree = "<group>"; };
/* End PBXFileReference section */

/* Begin PBXFrameworksBuildPhase section */
		18F53A991D0FE19C00136EC2 /* Frameworks */ = {
			isa = PBXFrameworksBuildPhase;
			buildActionMask = 2147483647;
			files = (
			);
			runOnlyForDeploymentPostprocessing = 0;
		};
		18F53AB21D0FE19D00136EC2 /* Frameworks */ = {
			isa = PBXFrameworksBuildPhase;
			buildActionMask = 2147483647;
			files = (
			);
			runOnlyForDeploymentPostprocessing = 0;
		};
/* End PBXFrameworksBuildPhase section */

/* Begin PBXGroup section */
		18F53A931D0FE19C00136EC2 = {
			isa = PBXGroup;
			children = (
				18F53A9E1D0FE19D00136EC2 /* 自定义生日键盘 */,
				18F53AB81D0FE19D00136EC2 /* 自定义生日键盘Tests */,
				18F53A9D1D0FE19C00136EC2 /* Products */,
			);
			sourceTree = "<group>";
		};
		18F53A9D1D0FE19C00136EC2 /* Products */ = {
			isa = PBXGroup;
			children = (
				18F53A9C1D0FE19C00136EC2 /* 自定义生日键盘.app */,
				18F53AB51D0FE19D00136EC2 /* 自定义生日键盘Tests.xctest */,
			);
			name = Products;
			sourceTree = "<group>";
		};
		18F53A9E1D0FE19D00136EC2 /* 自定义生日键盘 */ = {
			isa = PBXGroup;
			children = (
				18F53AA21D0FE19D00136EC2 /* AppDelegate.h */,
				18F53AA31D0FE19D00136EC2 /* AppDelegate.m */,
				18F53AA51D0FE19D00136EC2 /* ViewController.h */,
				18F53AA61D0FE19D00136EC2 /* ViewController.m */,
				18F53AC61D100FC700136EC2 /* ZPProvinces.h */,
				18F53AC71D100FC700136EC2 /* ZPProvinces.m */,
				18F53AA81D0FE19D00136EC2 /* Main.storyboard */,
				18F53AAB1D0FE19D00136EC2 /* Assets.xcassets */,
				18F53AB01D0FE19D00136EC2 /* Info.plist */,
				18F53AC41D100E1700136EC2 /* provinces.plist */,
				18F53A9F1D0FE19D00136EC2 /* Supporting Files */,
			);
			path = "自定义生日键盘";
			sourceTree = "<group>";
		};
		18F53A9F1D0FE19D00136EC2 /* Supporting Files */ = {
			isa = PBXGroup;
			children = (
				18F53AA01D0FE19D00136EC2 /* main.m */,
			);
			name = "Supporting Files";
			sourceTree = "<group>";
		};
		18F53AB81D0FE19D00136EC2 /* 自定义生日键盘Tests */ = {
			isa = PBXGroup;
			children = (
				18F53AB91D0FE19D00136EC2 /* _______Tests.m */,
				18F53ABB1D0FE19D00136EC2 /* Info.plist */,
			);
			path = "自定义生日键盘Tests";
			sourceTree = "<group>";
		};
/* End PBXGroup section */

/* Begin PBXNativeTarget section */
		18F53A9B1D0FE19C00136EC2 /* 自定义生日键盘 */ = {
			isa = PBXNativeTarget;
			buildConfigurationList = 18F53ABE1D0FE19D00136EC2 /* Build configuration list for PBXNativeTarget "自定义生日键盘" */;
			buildPhases = (
				18F53A981D0FE19C00136EC2 /* Sources */,
				18F53A991D0FE19C00136EC2 /* Frameworks */,
				18F53A9A1D0FE19C00136EC2 /* Resources */,
			);
			buildRules = (
			);
			dependencies = (
			);
			name = "自定义生日键盘";
			productName = "自定义生日键盘";
			productReference = 18F53A9C1D0FE19C00136EC2 /* 自定义生日键盘.app */;
			productType = "com.apple.product-type.application";
		};
		18F53AB41D0FE19D00136EC2 /* 自定义生日键盘Tests */ = {
			isa = PBXNativeTarget;
			buildConfigurationList = 18F53AC11D0FE19D00136EC2 /* Build configuration list for PBXNativeTarget "自定义生日键盘Tests" */;
			buildPhases = (
				18F53AB11D0FE19D00136EC2 /* Sources */,
				18F53AB21D0FE19D00136EC2 /* Frameworks */,
				18F53AB31D0FE19D00136EC2 /* Resources */,
			);
			buildRules = (
			);
			dependencies = (
				18F53AB71D0FE19D00136EC2 /* PBXTargetDependency */,
			);
			name = "自定义生日键盘Tests";
			productName = "自定义生日键盘Tests";
			productReference = 18F53AB51D0FE19D00136EC2 /* 自定义生日键盘Tests.xctest */;
			productType = "com.apple.product-type.bundle.unit-test";
		};
/* End PBXNativeTarget section */

/* Begin PBXProject section */
		18F53A941D0FE19C00136EC2 /* Project object */ = {
			isa = PBXProject;
			attributes = {
				CLASSPREFIX = ZP;
				LastUpgradeCheck = 0730;
				ORGANIZATIONNAME = apple;
				TargetAttributes = {
					18F53A9B1D0FE19C00136EC2 = {
						CreatedOnToolsVersion = 7.3;
					};
					18F53AB41D0FE19D00136EC2 = {
						CreatedOnToolsVersion = 7.3;
						TestTargetID = 18F53A9B1D0FE19C00136EC2;
					};
				};
			};
			buildConfigurationList = 18F53A971D0FE19C00136EC2 /* Build configuration list for PBXProject "自定义生日键盘" */;
			compatibilityVersion = "Xcode 3.2";
			developmentRegion = English;
			hasScannedForEncodings = 0;
			knownRegions = (
				en,
				Base,
			);
			mainGroup = 18F53A931D0FE19C00136EC2;
			productRefGroup = 18F53A9D1D0FE19C00136EC2 /* Products */;
			projectDirPath = "";
			projectRoot = "";
			targets = (
				18F53A9B1D0FE19C00136EC2 /* 自定义生日键盘 */,
				18F53AB41D0FE19D00136EC2 /* 自定义生日键盘Tests */,
			);
		};
/* End PBXProject section */

/* Begin PBXResourcesBuildPhase section */
		18F53A9A1D0FE19C00136EC2 /* Resources */ = {
			isa = PBXResourcesBuildPhase;
			buildActionMask = 2147483647;
			files = (
				18F53AAC1D0FE19D00136EC2 /* Assets.xcassets in Resources */,
				18F53AAA1D0FE19D00136EC2 /* Main.storyboard in Resources */,
				18F53AC51D100E1700136EC2 /* provinces.plist in Resources */,
			);
			runOnlyForDeploymentPostprocessing = 0;
		};
		18F53AB31D0FE19D00136EC2 /* Resources */ = {
			isa = PBXResourcesBuildPhase;
			buildActionMask = 2147483647;
			files = (
			);
			runOnlyForDeploymentPostprocessing = 0;
		};
/* End PBXResourcesBuildPhase section */

/* Begin PBXSourcesBuildPhase section */
		18F53A981D0FE19C00136EC2 /* Sources */ = {
			isa = PBXSourcesBuildPhase;
			buildActionMask = 2147483647;
			files = (
				18F53AA71D0FE19D00136EC2 /* ViewController.m in Sources */,
				18F53AA41D0FE19D00136EC2 /* AppDelegate.m in Sources */,
				18F53AA11D0FE19D00136EC2 /* main.m in Sources */,
				18F53AC81D100FC700136EC2 /* ZPProvinces.m in Sources */,
			);
			runOnlyForDeploymentPostprocessing = 0;
		};
		18F53AB11D0FE19D00136EC2 /* Sources */ = {
			isa = PBXSourcesBuildPhase;
			buildActionMask = 2147483647;
			files = (
				18F53ABA1D0FE19D00136EC2 /* _______Tests.m in Sources */,
			);
			runOnlyForDeploymentPostprocessing = 0;
		};
/* End PBXSourcesBuildPhase section */

/* Begin PBXTargetDependency section */
		18F53AB71D0FE19D00136EC2 /* PBXTargetDependency */ = {
			isa = PBXTargetDependency;
			target = 18F53A9B1D0FE19C00136EC2 /* 自定义生日键盘 */;
			targetProxy = 18F53AB61D0FE19D00136EC2 /* PBXContainerItemProxy */;
		};
/* End PBXTargetDependency section */

/* Begin PBXVariantGroup section */
		18F53AA81D0FE19D00136EC2 /* Main.storyboard */ = {
			isa = PBXVariantGroup;
			children = (
				18F53AA91D0FE19D00136EC2 /* Base */,
			);
			name = Main.storyboard;
			sourceTree = "<group>";
		};
/* End PBXVariantGroup section */

/* Begin XCBuildConfiguration section */
		18F53ABC1D0FE19D00136EC2 /* Debug */ = {
			isa = XCBuildConfiguration;
			buildSettings = {
				ALWAYS_SEARCH_USER_PATHS = NO;
				CLANG_ANALYZER_NONNULL = YES;
				CLANG_CXX_LANGUAGE_STANDARD = "gnu++0x";
				CLANG_CXX_LIBRARY = "libc++";
				CLANG_ENABLE_MODULES = YES;
				CLANG_ENABLE_OBJC_ARC = YES;
				CLANG_WARN_BOOL_CONVERSION = YES;
				CLANG_WARN_CONSTANT_CONVERSION = YES;
				CLANG_WARN_DIRECT_OBJC_ISA_USAGE = YES_ERROR;
				CLANG_WARN_EMPTY_BODY = YES;
				CLANG_WARN_ENUM_CONVERSION = YES;
				CLANG_WARN_INT_CONVERSION = YES;
				CLANG_WARN_OBJC_ROOT_CLASS = YES_ERROR;
				CLANG_WARN_UNREACHABLE_CODE = YES;
				CLANG_WARN__DUPLICATE_METHOD_MATCH = YES;
				"CODE_SIGN_IDENTITY[sdk=iphoneos*]" = "iPhone Developer";
				COPY_PHASE_STRIP = NO;
				DEBUG_INFORMATION_FORMAT = dwarf;
				ENABLE_STRICT_OBJC_MSGSEND = YES;
				ENABLE_TESTABILITY = YES;
				GCC_C_LANGUAGE_STANDARD = gnu99;
				GCC_DYNAMIC_NO_PIC = NO;
				GCC_NO_COMMON_BLOCKS = YES;
				GCC_OPTIMIZATION_LEVEL = 0;
				GCC_PREPROCESSOR_DEFINITIONS = (
					"DEBUG=1",
					"$(inherited)",
				);
				GCC_WARN_64_TO_32_BIT_CONVERSION = YES;
				GCC_WARN_ABOUT_RETURN_TYPE = YES_ERROR;
				GCC_WARN_UNDECLARED_SELECTOR = YES;
				GCC_WARN_UNINITIALIZED_AUTOS = YES_AGGRESSIVE;
				GCC_WARN_UNUSED_FUNCTION = YES;
				GCC_WARN_UNUSED_VARIABLE = YES;
				IPHONEOS_DEPLOYMENT_TARGET = 9.3;
				MTL_ENABLE_DEBUG_INFO = YES;
				ONLY_ACTIVE_ARCH = YES;
				SDKROOT = iphoneos;
			};
			name = Debug;
		};
		18F53ABD1D0FE19D00136EC2 /* Release */ = {
			isa = XCBuildConfiguration;
			buildSettings = {
				ALWAYS_SEARCH_USER_PATHS = NO;
				CLANG_ANALYZER_NONNULL = YES;
				CLANG_CXX_LANGUAGE_STANDARD = "gnu++0x";
				CLANG_CXX_LIBRARY = "libc++";
				CLANG_ENABLE_MODULES = YES;
				CLANG_ENABLE_OBJC_ARC = YES;
				CLANG_WARN_BOOL_CONVERSION = YES;
				CLANG_WARN_CONSTANT_CONVERSION = YES;
				CLANG_WARN_DIRECT_OBJC_ISA_USAGE = YES_ERROR;
				CLANG_WARN_EMPTY_BODY = YES;
				CLANG_WARN_ENUM_CONVERSION = YES;
				CLANG_WARN_INT_CONVERSION = YES;
				CLANG_WARN_OBJC_ROOT_CLASS = YES_ERROR;
				CLANG_WARN_UNREACHABLE_CODE = YES;
				CLANG_WARN__DUPLICATE_METHOD_MATCH = YES;
				"CODE_SIGN_IDENTITY[sdk=iphoneos*]" = "iPhone Developer";
				COPY_PHASE_STRIP = NO;
				DEBUG_INFORMATION_FORMAT = "dwarf-with-dsym";
				ENABLE_NS_ASSERTIONS = NO;
				ENABLE_STRICT_OBJC_MSGSEND = YES;
				GCC_C_LANGUAGE_STANDARD = gnu99;
				GCC_NO_COMMON_BLOCKS = YES;
				GCC_WARN_64_TO_32_BIT_CONVERSION = YES;
				GCC_WARN_ABOUT_RETURN_TYPE = YES_ERROR;
				GCC_WARN_UNDECLARED_SELECTOR = YES;
				GCC_WARN_UNINITIALIZED_AUTOS = YES_AGGRESSIVE;
				GCC_WARN_UNUSED_FUNCTION = YES;
				GCC_WARN_UNUSED_VARIABLE = YES;
				IPHONEOS_DEPLOYMENT_TARGET = 9.3;
				MTL_ENABLE_DEBUG_INFO = NO;
				SDKROOT = iphoneos;
				VALIDATE_PRODUCT = YES;
			};
			name = Release;
		};
		18F53ABF1D0FE19D00136EC2 /* Debug */ = {
			isa = XCBuildConfiguration;
			buildSettings = {
				ASSETCATALOG_COMPILER_APPICON_NAME = AppIcon;
				INFOPLIST_FILE = "自定义生日键盘/Info.plist";
				LD_RUNPATH_SEARCH_PATHS = "$(inherited) @executable_path/Frameworks";
				PRODUCT_BUNDLE_IDENTIFIER = "cn.sunco.-------";
				PRODUCT_NAME = "$(TARGET_NAME)";
			};
			name = Debug;
		};
		18F53AC01D0FE19D00136EC2 /* Release */ = {
			isa = XCBuildConfiguration;
			buildSettings = {
				ASSETCATALOG_COMPILER_APPICON_NAME = AppIcon;
				INFOPLIST_FILE = "自定义生日键盘/Info.plist";
				LD_RUNPATH_SEARCH_PATHS = "$(inherited) @executable_path/Frameworks";
				PRODUCT_BUNDLE_IDENTIFIER = "cn.sunco.-------";
				PRODUCT_NAME = "$(TARGET_NAME)";
			};
			name = Release;
		};
		18F53AC21D0FE19D00136EC2 /* Debug */ = {
			isa = XCBuildConfiguration;
			buildSettings = {
				BUNDLE_LOADER = "$(TEST_HOST)";
				INFOPLIST_FILE = "自定义生日键盘Tests/Info.plist";
				LD_RUNPATH_SEARCH_PATHS = "$(inherited) @executable_path/Frameworks @loader_path/Frameworks";
				PRODUCT_BUNDLE_IDENTIFIER = "cn.sunco.-------Tests";
				PRODUCT_NAME = "$(TARGET_NAME)";
				TEST_HOST = "$(BUILT_PRODUCTS_DIR)/自定义生日键盘.app/自定义生日键盘";
			};
			name = Debug;
		};
		18F53AC31D0FE19D00136EC2 /* Release */ = {
			isa = XCBuildConfiguration;
			buildSettings = {
				BUNDLE_LOADER = "$(TEST_HOST)";
				INFOPLIST_FILE = "自定义生日键盘Tests/Info.plist";
				LD_RUNPATH_SEARCH_PATHS = "$(inherited) @executable_path/Frameworks @loader_path/Frameworks";
				PRODUCT_BUNDLE_IDENTIFIER = "cn.sunco.-------Tests";
				PRODUCT_NAME = "$(TARGET_NAME)";
				TEST_HOST = "$(BUILT_PRODUCTS_DIR)/自定义生日键盘.app/自定义生日键盘";
			};
			name = Release;
		};
/* End XCBuildConfiguration section */

/* Begin XCConfigurationList section */
		18F53A971D0FE19C00136EC2 /* Build configuration list for PBXProject "自定义生日键盘" */ = {
			isa = XCConfigurationList;
			buildConfigurations = (
				18F53ABC1D0FE19D00136EC2 /* Debug */,
				18F53ABD1D0FE19D00136EC2 /* Release */,
			);
			defaultConfigurationIsVisible = 0;
			defaultConfigurationName = Release;
		};
		18F53ABE1D0FE19D00136EC2 /* Build configuration list for PBXNativeTarget "自定义生日键盘" */ = {
			isa = XCConfigurationList;
			buildConfigurations = (
				18F53ABF1D0FE19D00136EC2 /* Debug */,
				18F53AC01D0FE19D00136EC2 /* Release */,
			);
			defaultConfigurationIsVisible = 0;
		};
		18F53AC11D0FE19D00136EC2 /* Build configuration list for PBXNativeTarget "自定义生日键盘Tests" */ = {
			isa = XCConfigurationList;
			buildConfigurations = (
				18F53AC21D0FE19D00136EC2 /* Debug */,
				18F53AC31D0FE19D00136EC2 /* Release */,
			);
			defaultConfigurationIsVisible = 0;
		};
/* End XCConfigurationList section */
	};
	rootObject = 18F53A941D0FE19C00136EC2 /* Project object */;
}
